
Microsoft Visual Studio Solution File, Format Version 12.00
# Visual Studio 15
VisualStudioVersion = 15.0.26228.10
MinimumVisualStudioVersion = 10.0.40219.1
Project("{FAE04EC0-301F-11D3-BF4B-00C04F79EFBC}") = "ActionLobster", "ActionLobster\ActionLobster.csproj", "{09394CE6-0C51-424B-9635-1C09433AB9D6}"
EndProject
Project("{FAE04EC0-301F-11D3-BF4B-00C04F79EFBC}") = "PowerShellTest", "PowerShellTest\PowerShellTest.csproj", "{475221F9-5A1F-4DC3-9382-AD563EA4890B}"
EndProject
Global
	GlobalSection(SolutionConfigurationPlatforms) = preSolution
		Debug|Any CPU = Debug|Any CPU
		Release|Any CPU = Release|Any CPU
	EndGlobalSection
	GlobalSection(ProjectConfigurationPlatforms) = postSolution
		{09394CE6-0C51-424B-9635-1C09433AB9D6}.Debug|Any CPU.ActiveCfg = Debug|Any CPU
		{09394CE6-0C51-424B-9635-1C09433AB9D6}.Debug|Any CPU.Build.0 = Debug|Any CPU
		{09394CE6-0C51-424B-9635-1C09433AB9D6}.Release|Any CPU.ActiveCfg = Release|Any CPU
		{09394CE6-0C51-424B-9635-1C09433AB9D6}.Release|Any CPU.Build.0 = Release|Any CPU
		{475221F9-5A1F-4DC3-9382-AD563EA4890B}.Debug|Any CPU.ActiveCfg = Debug|Any CPU
		{475221F9-5A1F-4DC3-9382-AD563EA4890B}.Debug|Any CPU.Build.0 = Debug|Any CPU
		{475221F9-5A1F-4DC3-9382-AD563EA4890B}.Release|Any CPU.ActiveCfg = Release|Any CPU
		{475221F9-5A1F-4DC3-9382-AD563EA4890B}.Release|Any CPU.Build.0 = Release|Any CPU
	EndGlobalSection
	GlobalSection(SolutionProperties) = preSolution
		HideSolutionNode = FALSE
	EndGlobalSection
	GlobalSection(ExtensibilityGlobals) = postSolution
		SolutionGuid = {AA81727A-DB44-4D61-B9A4-BD69C684459A}
	EndGlobalSection
EndGlobal
